
Microsoft Visual Studio Solution File, Format Version 12.00
# Visual Studio Version 17
VisualStudioVersion = 17.5.33530.505
MinimumVisualStudioVersion = 10.0.40219.1
Project("{FAE04EC0-301F-11D3-BF4B-00C04F79EFBC}") = "Metamask", "Metamask\Metamask.csproj", "{DC921BE1-8160-41D8-AEA7-0F9F04CE2801}"
EndProject
Global
	GlobalSection(SolutionConfigurationPlatforms) = preSolution
		Debug|Any CPU = Debug|Any CPU
		Release|Any CPU = Release|Any CPU
	EndGlobalSection
	GlobalSection(ProjectConfigurationPlatforms) = postSolution
		{DC921BE1-8160-41D8-AEA7-0F9F04CE2801}.Debug|Any CPU.ActiveCfg = Debug|Any CPU
		{DC921BE1-8160-41D8-AEA7-0F9F04CE2801}.Debug|Any CPU.Build.0 = Debug|Any CPU
		{DC921BE1-8160-41D8-AEA7-0F9F04CE2801}.Release|Any CPU.ActiveCfg = Release|Any CPU
		{DC921BE1-8160-41D8-AEA7-0F9F04CE2801}.Release|Any CPU.Build.0 = Release|Any CPU
	EndGlobalSection
	GlobalSection(SolutionProperties) = preSolution
		HideSolutionNode = FALSE
	EndGlobalSection
	GlobalSection(ExtensibilityGlobals) = postSolution
		SolutionGuid = {69EAAE90-BB28-4F7B-9BDB-7A1A28FC8C94}
	EndGlobalSection
EndGlobal
